<?xml version="1.0" encoding="utf-8"?>
<Project ToolsVersion="4.0" xmlns="http://schemas.microsoft.com/developer/msbuild/2003">
  <ItemGroup>
    <Filter Include="Shark">
      <UniqueIdentifier>{1EA5170E-8AB9-3FBF-533B-E31EBF0E3CF0}</UniqueIdentifier>
    </Filter>
    <Filter Include="Shark\Event">
      <UniqueIdentifier>{EF0498C4-5BBA-10BA-E4AE-0A91506307BE}</UniqueIdentifier>
    </Filter>
    <Filter Include="Shark\Platform">
      <UniqueIdentifier>{32836CBC-1E51-60C2-07E5-D0E8F3513C27}</UniqueIdentifier>
    </Filter>
    <Filter Include="Shark\Platform\Windows">
      <UniqueIdentifier>{6C3F9B5C-5839-C4AE-41A6-5ABF2D3F2A1B}</UniqueIdentifier>
    </Filter>
  </ItemGroup>
  <ItemGroup>
    <ClInclude Include="src\Shark.h" />
    <ClInclude Include="src\Shark\Application.h">
      <Filter>Shark</Filter>
    </ClInclude>
    <ClInclude Include="src\Shark\Core.h">
      <Filter>Shark</Filter>
    </ClInclude>
    <ClInclude Include="src\Shark\EntryPoint.h">
      <Filter>Shark</Filter>
    </ClInclude>
    <ClInclude Include="src\Shark\Event\Event.h">
      <Filter>Shark\Event</Filter>
    </ClInclude>
    <ClInclude Include="src\Shark\Event\KeyEvent.h">
      <Filter>Shark\Event</Filter>
    </ClInclude>
    <ClInclude Include="src\Shark\Event\MouseEvent.h">
      <Filter>Shark\Event</Filter>
    </ClInclude>
    <ClInclude Include="src\Shark\Event\WindowEvent.h">
      <Filter>Shark\Event</Filter>
    </ClInclude>
    <ClInclude Include="src\Shark\Log.h">
      <Filter>Shark</Filter>
    </ClInclude>
    <ClInclude Include="src\Shark\Platform\Windows\WindowsWindow.h">
      <Filter>Shark\Platform\Windows</Filter>
    </ClInclude>
    <ClInclude Include="src\Shark\Window.h">
      <Filter>Shark</Filter>
    </ClInclude>
    <ClInclude Include="src\skpch.h" />
  </ItemGroup>
  <ItemGroup>
    <ClCompile Include="src\Shark\Application.cpp">
      <Filter>Shark</Filter>
    </ClCompile>
    <ClCompile Include="src\Shark\Log.cpp">
      <Filter>Shark</Filter>
    </ClCompile>
    <ClCompile Include="src\Shark\Platform\Windows\WindowsWindow.cpp">
      <Filter>Shark\Platform\Windows</Filter>
    </ClCompile>
    <ClCompile Include="src\skpch.cpp" />
  </ItemGroup>
</Project>