<?xml version="1.0" encoding="utf-8"?>
<Project ToolsVersion="4.0" xmlns="http://schemas.microsoft.com/developer/msbuild/2003">
  <ItemGroup>
    <Filter Include="Shark">
      <UniqueIdentifier>{1EA5170E-8AB9-3FBF-533B-E31EBF0E3CF0}</UniqueIdentifier>
    </Filter>
    <Filter Include="Shark\Core">
      <UniqueIdentifier>{36AC1AA1-2264-5CEE-8B6B-354A7742F7DE}</UniqueIdentifier>
    </Filter>
    <Filter Include="Shark\Event">
      <UniqueIdentifier>{EF0498C4-5BBA-10BA-E4AE-0A91506307BE}</UniqueIdentifier>
    </Filter>
    <Filter Include="Shark\ImGui">
      <UniqueIdentifier>{C8F8DAC4-34AE-53BA-BDA2-4D9129574ABE}</UniqueIdentifier>
    </Filter>
    <Filter Include="Shark\Layer">
      <UniqueIdentifier>{6A800BC5-D635-84BA-5F2A-7E91CBDE7ABE}</UniqueIdentifier>
    </Filter>
    <Filter Include="Shark\Platform">
      <UniqueIdentifier>{32836CBC-1E51-60C2-07E5-D0E8F3513C27}</UniqueIdentifier>
    </Filter>
    <Filter Include="Shark\Platform\DirectX11">
      <UniqueIdentifier>{764B8F80-6270-DE00-8BBB-C390773FDD1E}</UniqueIdentifier>
    </Filter>
    <Filter Include="Shark\Platform\Windows">
      <UniqueIdentifier>{6C3F9B5C-5839-C4AE-41A6-5ABF2D3F2A1B}</UniqueIdentifier>
    </Filter>
    <Filter Include="Shark\Utils">
      <UniqueIdentifier>{FE84B8C5-6A3A-31BB-F32E-2B925FE327BF}</UniqueIdentifier>
    </Filter>
  </ItemGroup>
  <ItemGroup>
    <ClInclude Include="src\Shark.h" />
    <ClInclude Include="src\Shark\Core\Application.h">
      <Filter>Shark\Core</Filter>
    </ClInclude>
    <ClInclude Include="src\Shark\Core\Core.h">
      <Filter>Shark\Core</Filter>
    </ClInclude>
    <ClInclude Include="src\Shark\Core\EntryPoint.h">
      <Filter>Shark\Core</Filter>
    </ClInclude>
    <ClInclude Include="src\Shark\Core\Input.h">
      <Filter>Shark\Core</Filter>
    </ClInclude>
    <ClInclude Include="src\Shark\Core\KeyCodes.h">
      <Filter>Shark\Core</Filter>
    </ClInclude>
    <ClInclude Include="src\Shark\Core\Log.h">
      <Filter>Shark\Core</Filter>
    </ClInclude>
    <ClInclude Include="src\Shark\Core\MouseCodes.h">
      <Filter>Shark\Core</Filter>
    </ClInclude>
    <ClInclude Include="src\Shark\Core\PlatformDetection.h">
      <Filter>Shark\Core</Filter>
    </ClInclude>
    <ClInclude Include="src\Shark\Core\Renderer.h">
      <Filter>Shark\Core</Filter>
    </ClInclude>
    <ClInclude Include="src\Shark\Core\Window.h">
      <Filter>Shark\Core</Filter>
    </ClInclude>
    <ClInclude Include="src\Shark\Event\Event.h">
      <Filter>Shark\Event</Filter>
    </ClInclude>
    <ClInclude Include="src\Shark\Event\KeyEvent.h">
      <Filter>Shark\Event</Filter>
    </ClInclude>
    <ClInclude Include="src\Shark\Event\MouseEvent.h">
      <Filter>Shark\Event</Filter>
    </ClInclude>
    <ClInclude Include="src\Shark\Event\WindowEvent.h">
      <Filter>Shark\Event</Filter>
    </ClInclude>
    <ClInclude Include="src\Shark\ImGui\ImGuiLayer.h">
      <Filter>Shark\ImGui</Filter>
    </ClInclude>
    <ClInclude Include="src\Shark\Layer\Layer.h">
      <Filter>Shark\Layer</Filter>
    </ClInclude>
    <ClInclude Include="src\Shark\Layer\LayerStack.h">
      <Filter>Shark\Layer</Filter>
    </ClInclude>
    <ClInclude Include="src\Shark\Platform\DirectX11\DirectXRenderer.h">
      <Filter>Shark\Platform\DirectX11</Filter>
    </ClInclude>
    <ClInclude Include="src\Shark\Platform\Windows\WindowsWindow.h">
      <Filter>Shark\Platform\Windows</Filter>
    </ClInclude>
    <ClInclude Include="src\Shark\Utils\Color.h">
      <Filter>Shark\Utils</Filter>
    </ClInclude>
    <ClInclude Include="src\skpch.h" />
  </ItemGroup>
  <ItemGroup>
    <ClCompile Include="src\Shark\Core\Application.cpp">
      <Filter>Shark\Core</Filter>
    </ClCompile>
    <ClCompile Include="src\Shark\Core\Input.cpp">
      <Filter>Shark\Core</Filter>
    </ClCompile>
    <ClCompile Include="src\Shark\Core\Log.cpp">
      <Filter>Shark\Core</Filter>
    </ClCompile>
    <ClCompile Include="src\Shark\ImGui\ImGuiBuild.cpp">
      <Filter>Shark\ImGui</Filter>
    </ClCompile>
    <ClCompile Include="src\Shark\ImGui\ImGuiLayer.cpp">
      <Filter>Shark\ImGui</Filter>
    </ClCompile>
    <ClCompile Include="src\Shark\Layer\LayerStack.cpp">
      <Filter>Shark\Layer</Filter>
    </ClCompile>
    <ClCompile Include="src\Shark\Platform\DirectX11\DirectXRenderer.cpp">
      <Filter>Shark\Platform\DirectX11</Filter>
    </ClCompile>
    <ClCompile Include="src\Shark\Platform\Windows\WindowsWindow.cpp">
      <Filter>Shark\Platform\Windows</Filter>
    </ClCompile>
    <ClCompile Include="src\skpch.cpp" />
  </ItemGroup>
</Project>