<?xml version="1.0" encoding="utf-8"?>
<Project ToolsVersion="4.0" xmlns="http://schemas.microsoft.com/developer/msbuild/2003">
  <ItemGroup>
    <Filter Include="Shark">
      <UniqueIdentifier>{1EA5170E-8AB9-3FBF-533B-E31EBF0E3CF0}</UniqueIdentifier>
    </Filter>
  </ItemGroup>
  <ItemGroup>
    <ClInclude Include="src\Shark.h" />
    <ClInclude Include="src\Shark\Application.h">
      <Filter>Shark</Filter>
    </ClInclude>
    <ClInclude Include="src\Shark\Core.h">
      <Filter>Shark</Filter>
    </ClInclude>
    <ClInclude Include="src\Shark\EntryPoint.h">
      <Filter>Shark</Filter>
    </ClInclude>
    <ClInclude Include="src\Shark\Log.h">
      <Filter>Shark</Filter>
    </ClInclude>
    <ClInclude Include="src\skpch.h" />
  </ItemGroup>
  <ItemGroup>
    <ClCompile Include="src\Shark\Application.cpp">
      <Filter>Shark</Filter>
    </ClCompile>
    <ClCompile Include="src\Shark\Log.cpp">
      <Filter>Shark</Filter>
    </ClCompile>
    <ClCompile Include="src\skpch.cpp" />
  </ItemGroup>
</Project>